<?xml version="1.0" encoding="utf-8"?>
<Project ToolsVersion="4.0" xmlns="http://schemas.microsoft.com/developer/msbuild/2003">
  <ItemGroup>
    <Filter Include="Quelldateien">
      <UniqueIdentifier>{4FC737F1-C7A5-4376-A066-2A32D752A2FF}</UniqueIdentifier>
      <Extensions>cpp;c;cc;cxx;def;odl;idl;hpj;bat;asm;asmx</Extensions>
    </Filter>
    <Filter Include="Headerdateien">
      <UniqueIdentifier>{93995380-89BD-4b04-88EB-625FBE52EBFB}</UniqueIdentifier>
      <Extensions>h;hpp;hxx;hm;inl;inc;xsd</Extensions>
    </Filter>
    <Filter Include="Ressourcendateien">
      <UniqueIdentifier>{67DA6AB6-F800-4c08-8B7A-83BB121AAD01}</UniqueIdentifier>
      <Extensions>rc;ico;cur;bmp;dlg;rc2;rct;bin;rgs;gif;jpg;jpeg;jpe;resx;tiff;tif;png;wav;mfcribbon-ms</Extensions>
    </Filter>
    <Filter Include="Headerdateien\geometry">
      <UniqueIdentifier>{5f432a46-ce01-4a72-aefe-3c1b6663687b}</UniqueIdentifier>
    </Filter>
    <Filter Include="Headerdateien\lighting">
      <UniqueIdentifier>{ad319da8-581c-4b07-ba9a-a330c8be25d7}</UniqueIdentifier>
    </Filter>
    <Filter Include="Headerdateien\material">
      <UniqueIdentifier>{3b0e102f-fdff-4734-b5b5-3a25ccb40691}</UniqueIdentifier>
    </Filter>
    <Filter Include="Quelldateien\geometry">
      <UniqueIdentifier>{f69d07aa-44f9-4ae2-be47-312129b42d15}</UniqueIdentifier>
    </Filter>
    <Filter Include="Quelldateien\lighting">
      <UniqueIdentifier>{0cb33d78-cfe8-43f8-bc8a-f4546819c9b2}</UniqueIdentifier>
    </Filter>
    <Filter Include="Quelldateien\material">
      <UniqueIdentifier>{4a7cb01f-f308-4f9e-93e1-ebc786fd5bb8}</UniqueIdentifier>
    </Filter>
    <Filter Include="Quelldateien\renderer">
      <UniqueIdentifier>{1ccf7c53-7953-4e3e-a142-e5cb6502f02c}</UniqueIdentifier>
    </Filter>
    <Filter Include="Quelldateien\orientation">
      <UniqueIdentifier>{6aafaaae-86b0-4103-b2f0-b08364e5c9c0}</UniqueIdentifier>
    </Filter>
    <Filter Include="Headerdateien\orientation">
      <UniqueIdentifier>{9207d4be-64d6-4455-85a7-9b4671c1078b}</UniqueIdentifier>
    </Filter>
    <Filter Include="Headerdateien\renderer">
      <UniqueIdentifier>{aef997bd-393a-471c-93ec-7b956401df83}</UniqueIdentifier>
    </Filter>
    <Filter Include="Headerdateien\XML">
      <UniqueIdentifier>{a110fdbe-5da2-4732-911a-a7ab19883f9e}</UniqueIdentifier>
    </Filter>
    <Filter Include="Quelldateien\XML">
      <UniqueIdentifier>{9028e165-d757-452a-8aa3-9c8a515b2b97}</UniqueIdentifier>
    </Filter>
    <Filter Include="Ressourcendateien\Pipeline">
      <UniqueIdentifier>{5f3757c8-927d-4dae-9adc-34a8d40216c0}</UniqueIdentifier>
    </Filter>
    <Filter Include="Ressourcendateien\Pipeline\DeferredRenderer">
      <UniqueIdentifier>{bcf0f4b5-8d17-471b-b1db-331cc0a3c0b5}</UniqueIdentifier>
    </Filter>
    <Filter Include="Ressourcendateien\Pipeline\DeferredRenderer\Stages">
      <UniqueIdentifier>{c294f6dc-6149-4a66-92ed-5942eb150466}</UniqueIdentifier>
    </Filter>
    <Filter Include="Ressourcendateien\Pipeline\DeferredRenderer\Stages\Shadowing">
      <UniqueIdentifier>{fca5ab89-8bdc-4d06-9ece-053ec25ee437}</UniqueIdentifier>
    </Filter>
    <Filter Include="Ressourcendateien\Pipeline\DeferredRenderer\Stages\Geometry">
      <UniqueIdentifier>{4d01025f-51d4-4a81-9bae-79474d847b8d}</UniqueIdentifier>
    </Filter>
    <Filter Include="Ressourcendateien\Pipeline\DeferredRenderer\Stages\Lighting">
      <UniqueIdentifier>{a1091841-2dba-4d21-9be3-7e30aa13eccb}</UniqueIdentifier>
    </Filter>
    <Filter Include="Ressourcendateien\Pipeline\DeferredRenderer\Stages\Transparency">
      <UniqueIdentifier>{ec99c432-f94e-4bcc-a47b-58564f3e6fa1}</UniqueIdentifier>
    </Filter>
    <Filter Include="Ressourcendateien\Config">
      <UniqueIdentifier>{cdb83d25-5d08-471f-86de-93e1c461edd0}</UniqueIdentifier>
    </Filter>
    <Filter Include="Ressourcendateien\Pipeline\DeferredRenderer\Stages\SkyBox">
      <UniqueIdentifier>{6686c2b0-0501-479f-a163-8715083f5f8c}</UniqueIdentifier>
    </Filter>
    <Filter Include="Quelldateien\program">
      <UniqueIdentifier>{cfe55065-216c-45f2-8a6f-a6bbea6ef799}</UniqueIdentifier>
    </Filter>
    <Filter Include="Headerdateien\program">
      <UniqueIdentifier>{c52f8de9-26ba-4d01-8e7c-b86c62da0389}</UniqueIdentifier>
    </Filter>
    <Filter Include="Quelldateien\framebuffer">
      <UniqueIdentifier>{015847b5-c00f-441b-87dd-5640d179b92c}</UniqueIdentifier>
    </Filter>
    <Filter Include="Headerdateien\framebuffer">
      <UniqueIdentifier>{458d9348-4c11-4e1b-87c8-802c3c61e41c}</UniqueIdentifier>
    </Filter>
    <Filter Include="Quelldateien\context">
      <UniqueIdentifier>{48e34871-0af7-4733-af57-a939e8c3066f}</UniqueIdentifier>
    </Filter>
    <Filter Include="Headerdateien\context">
      <UniqueIdentifier>{f11de94f-425e-46f5-a582-0184d54b0191}</UniqueIdentifier>
    </Filter>
    <Filter Include="Headerdateien\texture">
      <UniqueIdentifier>{de5d3e70-b0e4-47ab-846e-00923333b8db}</UniqueIdentifier>
    </Filter>
    <Filter Include="Quelldateien\texture">
      <UniqueIdentifier>{68e1746b-5ee8-49f4-8ff4-8974c97d78ae}</UniqueIdentifier>
    </Filter>
    <Filter Include="Headerdateien\util">
      <UniqueIdentifier>{69dee1ff-7cff-408b-99c7-f8de629769f6}</UniqueIdentifier>
    </Filter>
    <Filter Include="Quelldateien\util">
      <UniqueIdentifier>{e6d1380d-4af3-4242-9e55-ec2ce3cd5c24}</UniqueIdentifier>
    </Filter>
    <Filter Include="Headerdateien\animation">
      <UniqueIdentifier>{7fff8d7e-c4b9-473c-979a-ed1f1781697d}</UniqueIdentifier>
    </Filter>
    <Filter Include="Quelldateien\animation">
      <UniqueIdentifier>{6600c75e-beb8-4244-af8d-5fe823ee3d6d}</UniqueIdentifier>
    </Filter>
    <Filter Include="Ressourcendateien\Pipeline\DeferredRenderer\Stages\Geometry\Animated">
      <UniqueIdentifier>{73eee140-0ab2-4291-aaa3-16ea1b1addbb}</UniqueIdentifier>
    </Filter>
    <Filter Include="Ressourcendateien\Pipeline\DeferredRenderer\Stages\Geometry\Static">
      <UniqueIdentifier>{c912f8ea-cc99-4cbc-ae8c-b6a69de0341f}</UniqueIdentifier>
    </Filter>
    <Filter Include="Quelldateien\viewer">
      <UniqueIdentifier>{54e16f20-b98e-42fb-89be-c829d2ebe066}</UniqueIdentifier>
    </Filter>
    <Filter Include="Headerdateien\viewer">
      <UniqueIdentifier>{2977bd6d-8829-48e4-a50c-75cd737e72f8}</UniqueIdentifier>
    </Filter>
    <Filter Include="Ressourcendateien\Pipeline\DeferredRenderer\Stages\Shadowing\Animated">
      <UniqueIdentifier>{e51e76c2-9a20-4abd-9f80-23a029279420}</UniqueIdentifier>
    </Filter>
    <Filter Include="Ressourcendateien\Pipeline\DeferredRenderer\Stages\Shadowing\Static">
      <UniqueIdentifier>{278d255b-8f7b-4fd2-8204-85aebe79e30b}</UniqueIdentifier>
    </Filter>
  </ItemGroup>
  <ItemGroup>
    <ClCompile Include="ZazenGraphics.cpp">
      <Filter>Quelldateien</Filter>
    </ClCompile>
    <ClCompile Include="ZazenGraphicsEntity.cpp">
      <Filter>Quelldateien</Filter>
    </ClCompile>
    <ClCompile Include="geometry\GeometryFactory.cpp">
      <Filter>Quelldateien\geometry</Filter>
    </ClCompile>
    <ClCompile Include="lighting\Light.cpp">
      <Filter>Quelldateien\lighting</Filter>
    </ClCompile>
    <ClCompile Include="material\Material.cpp">
      <Filter>Quelldateien\material</Filter>
    </ClCompile>
    <ClCompile Include="orientation\Orientation.cpp">
      <Filter>Quelldateien\orientation</Filter>
    </ClCompile>
    <ClCompile Include="renderer\DRRenderer.cpp">
      <Filter>Quelldateien\renderer</Filter>
    </ClCompile>
    <ClCompile Include="..\..\..\IFaces\core\XML\tinystr.cpp">
      <Filter>Quelldateien\XML</Filter>
    </ClCompile>
    <ClCompile Include="..\..\..\IFaces\core\XML\tinyxml.cpp">
      <Filter>Quelldateien\XML</Filter>
    </ClCompile>
    <ClCompile Include="..\..\..\IFaces\core\XML\tinyxmlerror.cpp">
      <Filter>Quelldateien\XML</Filter>
    </ClCompile>
    <ClCompile Include="..\..\..\IFaces\core\XML\tinyxmlparser.cpp">
      <Filter>Quelldateien\XML</Filter>
    </ClCompile>
    <ClCompile Include="program\Program.cpp">
      <Filter>Quelldateien\program</Filter>
    </ClCompile>
    <ClCompile Include="program\Shader.cpp">
      <Filter>Quelldateien\program</Filter>
    </ClCompile>
    <ClCompile Include="program\UniformBlock.cpp">
      <Filter>Quelldateien\program</Filter>
    </ClCompile>
    <ClCompile Include="framebuffer\FrameBufferObject.cpp">
      <Filter>Quelldateien\framebuffer</Filter>
    </ClCompile>
    <ClCompile Include="framebuffer\RenderTarget.cpp">
      <Filter>Quelldateien\framebuffer</Filter>
    </ClCompile>
    <ClCompile Include="context\RenderingContext.cpp">
      <Filter>Quelldateien\context</Filter>
    </ClCompile>
    <ClCompile Include="texture\Texture.cpp">
      <Filter>Quelldateien\texture</Filter>
    </ClCompile>
    <ClCompile Include="texture\TextureFactory.cpp">
      <Filter>Quelldateien\texture</Filter>
    </ClCompile>
    <ClCompile Include="program\ProgramManagement.cpp">
      <Filter>Quelldateien\program</Filter>
    </ClCompile>
    <ClCompile Include="program\UniformManagement.cpp">
      <Filter>Quelldateien\program</Filter>
    </ClCompile>
    <ClCompile Include="util\GLUtils.cpp">
      <Filter>Quelldateien\util</Filter>
    </ClCompile>
    <ClCompile Include="material\MaterialTransparent.cpp">
      <Filter>Quelldateien\material</Filter>
    </ClCompile>
    <ClCompile Include="material\MaterialFactory.cpp">
      <Filter>Quelldateien\material</Filter>
    </ClCompile>
    <ClCompile Include="material\MaterialClassic.cpp">
      <Filter>Quelldateien\material</Filter>
    </ClCompile>
    <ClCompile Include="material\MaterialDoom3.cpp">
      <Filter>Quelldateien\material</Filter>
    </ClCompile>
    <ClCompile Include="animation\AnimationFactory.cpp">
      <Filter>Quelldateien\animation</Filter>
    </ClCompile>
    <ClCompile Include="animation\Animation.cpp">
      <Filter>Quelldateien\animation</Filter>
    </ClCompile>
    <ClCompile Include="viewer\Viewer.cpp">
      <Filter>Quelldateien\viewer</Filter>
    </ClCompile>
    <ClCompile Include="util\AssImpUtils.cpp">
      <Filter>Quelldateien\util</Filter>
    </ClCompile>
    <ClCompile Include="renderer\SkyBox.cpp">
      <Filter>Quelldateien\renderer</Filter>
    </ClCompile>
    <ClCompile Include="geometry\Mesh.cpp">
      <Filter>Quelldateien\geometry</Filter>
    </ClCompile>
    <ClCompile Include="geometry\MeshBoned.cpp">
      <Filter>Quelldateien\geometry</Filter>
    </ClCompile>
    <ClCompile Include="geometry\MeshStatic.cpp">
      <Filter>Quelldateien\geometry</Filter>
    </ClCompile>
    <ClCompile Include="geometry\MeshNode.cpp">
      <Filter>Quelldateien\geometry</Filter>
    </ClCompile>
  </ItemGroup>
  <ItemGroup>
    <ClInclude Include="ZazenGraphics.h">
      <Filter>Headerdateien</Filter>
    </ClInclude>
    <ClInclude Include="ZazenGraphicsEntity.h">
      <Filter>Headerdateien</Filter>
    </ClInclude>
    <ClInclude Include="geometry\GeometryFactory.h">
      <Filter>Headerdateien\geometry</Filter>
    </ClInclude>
    <ClInclude Include="lighting\Light.h">
      <Filter>Headerdateien\lighting</Filter>
    </ClInclude>
    <ClInclude Include="material\Material.h">
      <Filter>Headerdateien\material</Filter>
    </ClInclude>
    <ClInclude Include="orientation\Orientation.h">
      <Filter>Headerdateien\orientation</Filter>
    </ClInclude>
    <ClInclude Include="renderer\DRRenderer.h">
      <Filter>Headerdateien\renderer</Filter>
    </ClInclude>
    <ClInclude Include="..\..\..\IFaces\core\XML\rapidxml.hpp">
      <Filter>Headerdateien\XML</Filter>
    </ClInclude>
    <ClInclude Include="..\..\..\IFaces\core\XML\rapidxml_iterators.hpp">
      <Filter>Headerdateien\XML</Filter>
    </ClInclude>
    <ClInclude Include="..\..\..\IFaces\core\XML\rapidxml_print.hpp">
      <Filter>Headerdateien\XML</Filter>
    </ClInclude>
    <ClInclude Include="..\..\..\IFaces\core\XML\rapidxml_utils.hpp">
      <Filter>Headerdateien\XML</Filter>
    </ClInclude>
    <ClInclude Include="..\..\..\IFaces\core\XML\tinystr.h">
      <Filter>Headerdateien\XML</Filter>
    </ClInclude>
    <ClInclude Include="..\..\..\IFaces\core\XML\tinyxml.h">
      <Filter>Headerdateien\XML</Filter>
    </ClInclude>
    <ClInclude Include="program\Program.h">
      <Filter>Headerdateien\program</Filter>
    </ClInclude>
    <ClInclude Include="program\Shader.h">
      <Filter>Headerdateien\program</Filter>
    </ClInclude>
    <ClInclude Include="program\UniformBlock.h">
      <Filter>Headerdateien\program</Filter>
    </ClInclude>
    <ClInclude Include="framebuffer\FrameBufferObject.h">
      <Filter>Headerdateien\framebuffer</Filter>
    </ClInclude>
    <ClInclude Include="framebuffer\RenderTarget.h">
      <Filter>Headerdateien\framebuffer</Filter>
    </ClInclude>
    <ClInclude Include="context\RenderingContext.h">
      <Filter>Headerdateien\context</Filter>
    </ClInclude>
    <ClInclude Include="texture\Texture.h">
      <Filter>Headerdateien\texture</Filter>
    </ClInclude>
    <ClInclude Include="texture\TextureFactory.h">
      <Filter>Headerdateien\texture</Filter>
    </ClInclude>
    <ClInclude Include="program\ProgramManagement.h">
      <Filter>Headerdateien\program</Filter>
    </ClInclude>
    <ClInclude Include="program\UniformManagement.h">
      <Filter>Headerdateien\program</Filter>
    </ClInclude>
    <ClInclude Include="util\GLUtils.h">
      <Filter>Headerdateien\util</Filter>
    </ClInclude>
    <ClInclude Include="material\MaterialTransparent.h">
      <Filter>Headerdateien\material</Filter>
    </ClInclude>
    <ClInclude Include="material\MaterialFactory.h">
      <Filter>Headerdateien\material</Filter>
    </ClInclude>
    <ClInclude Include="material\MaterialClassic.h">
      <Filter>Headerdateien\material</Filter>
    </ClInclude>
    <ClInclude Include="material\MaterialDoom3.h">
      <Filter>Headerdateien\material</Filter>
    </ClInclude>
    <ClInclude Include="animation\AnimationFactory.h">
      <Filter>Headerdateien\animation</Filter>
    </ClInclude>
    <ClInclude Include="animation\Animation.h">
      <Filter>Headerdateien\animation</Filter>
    </ClInclude>
    <ClInclude Include="viewer\Viewer.h">
      <Filter>Headerdateien\viewer</Filter>
    </ClInclude>
    <ClInclude Include="util\AssImpUtils.h">
      <Filter>Headerdateien\util</Filter>
    </ClInclude>
    <ClInclude Include="renderer\SkyBox.h">
      <Filter>Headerdateien\renderer</Filter>
    </ClInclude>
    <ClInclude Include="geometry\Mesh.h">
      <Filter>Headerdateien\geometry</Filter>
    </ClInclude>
    <ClInclude Include="geometry\MeshBoned.h">
      <Filter>Headerdateien\geometry</Filter>
    </ClInclude>
    <ClInclude Include="geometry\MeshStatic.h">
      <Filter>Headerdateien\geometry</Filter>
    </ClInclude>
    <ClInclude Include="geometry\MeshNode.h">
      <Filter>Headerdateien\geometry</Filter>
    </ClInclude>
  </ItemGroup>
  <ItemGroup>
    <None Include="..\..\..\..\pipeline\dr\stages\geom\geomFrag.glsl">
      <Filter>Ressourcendateien\Pipeline\DeferredRenderer\Stages\Geometry</Filter>
    </None>
    <None Include="..\..\..\..\pipeline\dr\stages\lighting\lightFrag.glsl">
      <Filter>Ressourcendateien\Pipeline\DeferredRenderer\Stages\Lighting</Filter>
    </None>
    <None Include="..\..\..\..\pipeline\dr\stages\lighting\lightVert.glsl">
      <Filter>Ressourcendateien\Pipeline\DeferredRenderer\Stages\Lighting</Filter>
    </None>
    <None Include="..\..\..\..\pipeline\dr\stages\shadowing\shadowFrag.glsl">
      <Filter>Ressourcendateien\Pipeline\DeferredRenderer\Stages\Shadowing</Filter>
    </None>
    <None Include="..\..\..\..\pipeline\dr\stages\shadowing\shadowVert.glsl">
      <Filter>Ressourcendateien\Pipeline\DeferredRenderer\Stages\Shadowing</Filter>
    </None>
    <None Include="..\..\..\..\pipeline\dr\stages\transparency\transpVert.glsl">
      <Filter>Ressourcendateien\Pipeline\DeferredRenderer\Stages\Transparency</Filter>
    </None>
    <None Include="..\..\..\..\config\graphics\config.xml">
      <Filter>Ressourcendateien\Config</Filter>
    </None>
    <None Include="..\..\..\..\pipeline\dr\stages\lighting\lightNoShadowFrag.glsl">
      <Filter>Ressourcendateien\Pipeline\DeferredRenderer\Stages\Lighting</Filter>
    </None>
    <None Include="..\..\..\..\pipeline\dr\stages\geom\skyBoxVert.glsl">
      <Filter>Ressourcendateien\Pipeline\DeferredRenderer\Stages\SkyBox</Filter>
    </None>
    <None Include="..\..\..\..\pipeline\dr\stages\geom\skyBoxFrag.glsl">
      <Filter>Ressourcendateien\Pipeline\DeferredRenderer\Stages\SkyBox</Filter>
    </None>
    <None Include="..\..\..\..\pipeline\programConfig.xml">
      <Filter>Ressourcendateien\Pipeline</Filter>
    </None>
    <None Include="..\..\..\..\pipeline\dr\stages\transparency\transpFrag.glsl">
      <Filter>Ressourcendateien\Pipeline\DeferredRenderer\Stages\Transparency</Filter>
    </None>
    <None Include="..\..\..\..\pipeline\dr\stages\transparency\blendTranspFrag.glsl">
      <Filter>Ressourcendateien\Pipeline\DeferredRenderer\Stages\Transparency</Filter>
    </None>
    <None Include="..\..\..\..\pipeline\dr\stages\transparency\blendTranspVert.glsl">
      <Filter>Ressourcendateien\Pipeline\DeferredRenderer\Stages\Transparency</Filter>
    </None>
    <None Include="..\..\..\..\pipeline\dr\stages\geom\animated\geomAnimVert.glsl">
      <Filter>Ressourcendateien\Pipeline\DeferredRenderer\Stages\Geometry\Animated</Filter>
    </None>
    <None Include="..\..\..\..\pipeline\dr\stages\geom\static\geomStaticVert.glsl">
      <Filter>Ressourcendateien\Pipeline\DeferredRenderer\Stages\Geometry\Static</Filter>
    </None>
    <None Include="..\..\..\..\pipeline\dr\stages\geom\geomVert.glsl">
      <Filter>Ressourcendateien\Pipeline\DeferredRenderer\Stages\Geometry</Filter>
    </None>
    <None Include="..\..\..\..\pipeline\dr\stages\shadowing\animated\shadowAnimVert.glsl">
      <Filter>Ressourcendateien\Pipeline\DeferredRenderer\Stages\Shadowing\Animated</Filter>
    </None>
    <None Include="..\..\..\..\pipeline\dr\stages\shadowing\static\shadowStaticVert.glsl">
      <Filter>Ressourcendateien\Pipeline\DeferredRenderer\Stages\Shadowing\Static</Filter>
    </None>
  </ItemGroup>
</Project>