<?xml version="1.0" encoding="utf-8"?>
<Project ToolsVersion="4.0" xmlns="http://schemas.microsoft.com/developer/msbuild/2003">
  <ItemGroup>
    <Filter Include="Quelldateien">
      <UniqueIdentifier>{4FC737F1-C7A5-4376-A066-2A32D752A2FF}</UniqueIdentifier>
      <Extensions>cpp;c;cc;cxx;def;odl;idl;hpj;bat;asm;asmx</Extensions>
    </Filter>
    <Filter Include="Headerdateien">
      <UniqueIdentifier>{93995380-89BD-4b04-88EB-625FBE52EBFB}</UniqueIdentifier>
      <Extensions>h;hpp;hxx;hm;inl;inc;xsd</Extensions>
    </Filter>
    <Filter Include="Ressourcendateien">
      <UniqueIdentifier>{67DA6AB6-F800-4c08-8B7A-83BB121AAD01}</UniqueIdentifier>
      <Extensions>rc;ico;cur;bmp;dlg;rc2;rct;bin;rgs;gif;jpg;jpeg;jpe;resx;tiff;tif;png;wav;mfcribbon-ms</Extensions>
    </Filter>
    <Filter Include="Headerdateien\geometry">
      <UniqueIdentifier>{5f432a46-ce01-4a72-aefe-3c1b6663687b}</UniqueIdentifier>
    </Filter>
    <Filter Include="Headerdateien\lighting">
      <UniqueIdentifier>{ad319da8-581c-4b07-ba9a-a330c8be25d7}</UniqueIdentifier>
    </Filter>
    <Filter Include="Headerdateien\material">
      <UniqueIdentifier>{3b0e102f-fdff-4734-b5b5-3a25ccb40691}</UniqueIdentifier>
    </Filter>
    <Filter Include="Headerdateien\scene">
      <UniqueIdentifier>{05c3688b-89ab-4cde-a905-af875d64cf82}</UniqueIdentifier>
    </Filter>
    <Filter Include="Quelldateien\geometry">
      <UniqueIdentifier>{f69d07aa-44f9-4ae2-be47-312129b42d15}</UniqueIdentifier>
    </Filter>
    <Filter Include="Quelldateien\lighting">
      <UniqueIdentifier>{0cb33d78-cfe8-43f8-bc8a-f4546819c9b2}</UniqueIdentifier>
    </Filter>
    <Filter Include="Quelldateien\material">
      <UniqueIdentifier>{4a7cb01f-f308-4f9e-93e1-ebc786fd5bb8}</UniqueIdentifier>
    </Filter>
    <Filter Include="Quelldateien\scene">
      <UniqueIdentifier>{ba1bc969-5579-4e4c-8b5c-89f4b58f7776}</UniqueIdentifier>
    </Filter>
    <Filter Include="Quelldateien\renderer">
      <UniqueIdentifier>{1ccf7c53-7953-4e3e-a142-e5cb6502f02c}</UniqueIdentifier>
    </Filter>
    <Filter Include="Quelldateien\orientation">
      <UniqueIdentifier>{6aafaaae-86b0-4103-b2f0-b08364e5c9c0}</UniqueIdentifier>
    </Filter>
    <Filter Include="Headerdateien\orientation">
      <UniqueIdentifier>{9207d4be-64d6-4455-85a7-9b4671c1078b}</UniqueIdentifier>
    </Filter>
    <Filter Include="Headerdateien\renderer">
      <UniqueIdentifier>{aef997bd-393a-471c-93ec-7b956401df83}</UniqueIdentifier>
    </Filter>
    <Filter Include="Headerdateien\XML">
      <UniqueIdentifier>{a110fdbe-5da2-4732-911a-a7ab19883f9e}</UniqueIdentifier>
    </Filter>
    <Filter Include="Quelldateien\XML">
      <UniqueIdentifier>{9028e165-d757-452a-8aa3-9c8a515b2b97}</UniqueIdentifier>
    </Filter>
    <Filter Include="Ressourcendateien\Pipeline">
      <UniqueIdentifier>{5f3757c8-927d-4dae-9adc-34a8d40216c0}</UniqueIdentifier>
    </Filter>
    <Filter Include="Ressourcendateien\Pipeline\DeferredRenderer">
      <UniqueIdentifier>{bcf0f4b5-8d17-471b-b1db-331cc0a3c0b5}</UniqueIdentifier>
    </Filter>
    <Filter Include="Ressourcendateien\Pipeline\DeferredRenderer\Stages">
      <UniqueIdentifier>{c294f6dc-6149-4a66-92ed-5942eb150466}</UniqueIdentifier>
    </Filter>
    <Filter Include="Ressourcendateien\Pipeline\DeferredRenderer\Stages\Shadowing">
      <UniqueIdentifier>{fca5ab89-8bdc-4d06-9ece-053ec25ee437}</UniqueIdentifier>
    </Filter>
    <Filter Include="Ressourcendateien\Pipeline\DeferredRenderer\Stages\Geometry">
      <UniqueIdentifier>{4d01025f-51d4-4a81-9bae-79474d847b8d}</UniqueIdentifier>
    </Filter>
    <Filter Include="Ressourcendateien\Pipeline\DeferredRenderer\Stages\Lighting">
      <UniqueIdentifier>{a1091841-2dba-4d21-9be3-7e30aa13eccb}</UniqueIdentifier>
    </Filter>
    <Filter Include="Ressourcendateien\Pipeline\DeferredRenderer\Stages\Transparency">
      <UniqueIdentifier>{ec99c432-f94e-4bcc-a47b-58564f3e6fa1}</UniqueIdentifier>
    </Filter>
    <Filter Include="Ressourcendateien\Config">
      <UniqueIdentifier>{cdb83d25-5d08-471f-86de-93e1c461edd0}</UniqueIdentifier>
    </Filter>
    <Filter Include="Headerdateien\window">
      <UniqueIdentifier>{33c9a16b-2315-454b-a3f1-54d93807a5bd}</UniqueIdentifier>
    </Filter>
    <Filter Include="Quelldateien\window">
      <UniqueIdentifier>{9d306254-532c-4838-b309-901d01a895e8}</UniqueIdentifier>
    </Filter>
    <Filter Include="Ressourcendateien\Pipeline\DeferredRenderer\Stages\SkyBox">
      <UniqueIdentifier>{6686c2b0-0501-479f-a163-8715083f5f8c}</UniqueIdentifier>
    </Filter>
    <Filter Include="Quelldateien\program">
      <UniqueIdentifier>{cfe55065-216c-45f2-8a6f-a6bbea6ef799}</UniqueIdentifier>
    </Filter>
    <Filter Include="Headerdateien\program">
      <UniqueIdentifier>{c52f8de9-26ba-4d01-8e7c-b86c62da0389}</UniqueIdentifier>
    </Filter>
    <Filter Include="Quelldateien\framebuffer">
      <UniqueIdentifier>{015847b5-c00f-441b-87dd-5640d179b92c}</UniqueIdentifier>
    </Filter>
    <Filter Include="Headerdateien\framebuffer">
      <UniqueIdentifier>{458d9348-4c11-4e1b-87c8-802c3c61e41c}</UniqueIdentifier>
    </Filter>
  </ItemGroup>
  <ItemGroup>
    <ClCompile Include="ZazenGraphics.cpp">
      <Filter>Quelldateien</Filter>
    </ClCompile>
    <ClCompile Include="ZazenGraphicsEntity.cpp">
      <Filter>Quelldateien</Filter>
    </ClCompile>
    <ClCompile Include="geometry\GeometryFactory.cpp">
      <Filter>Quelldateien\geometry</Filter>
    </ClCompile>
    <ClCompile Include="geometry\GeomType.cpp">
      <Filter>Quelldateien\geometry</Filter>
    </ClCompile>
    <ClCompile Include="geometry\GeomMesh.cpp">
      <Filter>Quelldateien\geometry</Filter>
    </ClCompile>
    <ClCompile Include="geometry\GeomSkyBox.cpp">
      <Filter>Quelldateien\geometry</Filter>
    </ClCompile>
    <ClCompile Include="lighting\Light.cpp">
      <Filter>Quelldateien\lighting</Filter>
    </ClCompile>
    <ClCompile Include="material\Material.cpp">
      <Filter>Quelldateien\material</Filter>
    </ClCompile>
    <ClCompile Include="material\Texture.cpp">
      <Filter>Quelldateien\material</Filter>
    </ClCompile>
    <ClCompile Include="orientation\Orientation.cpp">
      <Filter>Quelldateien\orientation</Filter>
    </ClCompile>
    <ClCompile Include="renderer\DRRenderer.cpp">
      <Filter>Quelldateien\renderer</Filter>
    </ClCompile>
    <ClCompile Include="renderer\Renderer.cpp">
      <Filter>Quelldateien\renderer</Filter>
    </ClCompile>
    <ClCompile Include="scene\Instance.cpp">
      <Filter>Quelldateien\scene</Filter>
    </ClCompile>
    <ClCompile Include="scene\Viewer.cpp">
      <Filter>Quelldateien\scene</Filter>
    </ClCompile>
    <ClCompile Include="..\..\..\IFaces\core\XML\tinystr.cpp">
      <Filter>Quelldateien\XML</Filter>
    </ClCompile>
    <ClCompile Include="..\..\..\IFaces\core\XML\tinyxml.cpp">
      <Filter>Quelldateien\XML</Filter>
    </ClCompile>
    <ClCompile Include="..\..\..\IFaces\core\XML\tinyxmlerror.cpp">
      <Filter>Quelldateien\XML</Filter>
    </ClCompile>
    <ClCompile Include="..\..\..\IFaces\core\XML\tinyxmlparser.cpp">
      <Filter>Quelldateien\XML</Filter>
    </ClCompile>
    <ClCompile Include="window\RenderingWindow.cpp">
      <Filter>Quelldateien\window</Filter>
    </ClCompile>
    <ClCompile Include="program\Program.cpp">
      <Filter>Quelldateien\program</Filter>
    </ClCompile>
    <ClCompile Include="program\Shader.cpp">
      <Filter>Quelldateien\program</Filter>
    </ClCompile>
    <ClCompile Include="program\UniformBlock.cpp">
      <Filter>Quelldateien\program</Filter>
    </ClCompile>
    <ClCompile Include="framebuffer\FrameBufferObject.cpp">
      <Filter>Quelldateien\framebuffer</Filter>
    </ClCompile>
    <ClCompile Include="framebuffer\RenderTarget.cpp">
      <Filter>Quelldateien\framebuffer</Filter>
    </ClCompile>
  </ItemGroup>
  <ItemGroup>
    <ClInclude Include="ZazenGraphics.h">
      <Filter>Headerdateien</Filter>
    </ClInclude>
    <ClInclude Include="ZazenGraphicsEntity.h">
      <Filter>Headerdateien</Filter>
    </ClInclude>
    <ClInclude Include="geometry\GeometryFactory.h">
      <Filter>Headerdateien\geometry</Filter>
    </ClInclude>
    <ClInclude Include="geometry\GeomType.h">
      <Filter>Headerdateien\geometry</Filter>
    </ClInclude>
    <ClInclude Include="geometry\GeomMesh.h">
      <Filter>Headerdateien\geometry</Filter>
    </ClInclude>
    <ClInclude Include="geometry\GeomSkyBox.h">
      <Filter>Headerdateien\geometry</Filter>
    </ClInclude>
    <ClInclude Include="lighting\Light.h">
      <Filter>Headerdateien\lighting</Filter>
    </ClInclude>
    <ClInclude Include="material\Material.h">
      <Filter>Headerdateien\material</Filter>
    </ClInclude>
    <ClInclude Include="material\Texture.h">
      <Filter>Headerdateien\material</Filter>
    </ClInclude>
    <ClInclude Include="orientation\Orientation.h">
      <Filter>Headerdateien\orientation</Filter>
    </ClInclude>
    <ClInclude Include="renderer\DRRenderer.h">
      <Filter>Headerdateien\renderer</Filter>
    </ClInclude>
    <ClInclude Include="scene\Instance.h">
      <Filter>Headerdateien\scene</Filter>
    </ClInclude>
    <ClInclude Include="scene\Viewer.h">
      <Filter>Headerdateien\scene</Filter>
    </ClInclude>
    <ClInclude Include="..\..\..\IFaces\core\XML\rapidxml.hpp">
      <Filter>Headerdateien\XML</Filter>
    </ClInclude>
    <ClInclude Include="..\..\..\IFaces\core\XML\rapidxml_iterators.hpp">
      <Filter>Headerdateien\XML</Filter>
    </ClInclude>
    <ClInclude Include="..\..\..\IFaces\core\XML\rapidxml_print.hpp">
      <Filter>Headerdateien\XML</Filter>
    </ClInclude>
    <ClInclude Include="..\..\..\IFaces\core\XML\rapidxml_utils.hpp">
      <Filter>Headerdateien\XML</Filter>
    </ClInclude>
    <ClInclude Include="..\..\..\IFaces\core\XML\tinystr.h">
      <Filter>Headerdateien\XML</Filter>
    </ClInclude>
    <ClInclude Include="..\..\..\IFaces\core\XML\tinyxml.h">
      <Filter>Headerdateien\XML</Filter>
    </ClInclude>
    <ClInclude Include="window\RenderingWindow.h">
      <Filter>Headerdateien\window</Filter>
    </ClInclude>
    <ClInclude Include="program\Program.h">
      <Filter>Headerdateien\program</Filter>
    </ClInclude>
    <ClInclude Include="program\Shader.h">
      <Filter>Headerdateien\program</Filter>
    </ClInclude>
    <ClInclude Include="program\UniformBlock.h">
      <Filter>Headerdateien\program</Filter>
    </ClInclude>
    <ClInclude Include="renderer\Renderer.h">
      <Filter>Headerdateien\renderer</Filter>
    </ClInclude>
    <ClInclude Include="framebuffer\FrameBufferObject.h">
      <Filter>Headerdateien\framebuffer</Filter>
    </ClInclude>
    <ClInclude Include="framebuffer\RenderTarget.h">
      <Filter>Headerdateien\framebuffer</Filter>
    </ClInclude>
  </ItemGroup>
  <ItemGroup>
    <None Include="..\..\..\..\pipeline\dr\stages\geom\geomFrag.glsl">
      <Filter>Ressourcendateien\Pipeline\DeferredRenderer\Stages\Geometry</Filter>
    </None>
    <None Include="..\..\..\..\pipeline\dr\stages\geom\geomVert.glsl">
      <Filter>Ressourcendateien\Pipeline\DeferredRenderer\Stages\Geometry</Filter>
    </None>
    <None Include="..\..\..\..\pipeline\dr\stages\lighting\lightFrag.glsl">
      <Filter>Ressourcendateien\Pipeline\DeferredRenderer\Stages\Lighting</Filter>
    </None>
    <None Include="..\..\..\..\pipeline\dr\stages\lighting\lightVert.glsl">
      <Filter>Ressourcendateien\Pipeline\DeferredRenderer\Stages\Lighting</Filter>
    </None>
    <None Include="..\..\..\..\pipeline\dr\stages\shadowing\shadowFrag.glsl">
      <Filter>Ressourcendateien\Pipeline\DeferredRenderer\Stages\Shadowing</Filter>
    </None>
    <None Include="..\..\..\..\pipeline\dr\stages\shadowing\shadowVert.glsl">
      <Filter>Ressourcendateien\Pipeline\DeferredRenderer\Stages\Shadowing</Filter>
    </None>
    <None Include="..\..\..\..\pipeline\dr\stages\transparency\transpGeom.glsl">
      <Filter>Ressourcendateien\Pipeline\DeferredRenderer\Stages\Transparency</Filter>
    </None>
    <None Include="..\..\..\..\pipeline\dr\stages\transparency\transpVert.glsl">
      <Filter>Ressourcendateien\Pipeline\DeferredRenderer\Stages\Transparency</Filter>
    </None>
    <None Include="..\..\..\..\config\graphics\config.xml">
      <Filter>Ressourcendateien\Config</Filter>
    </None>
    <None Include="..\..\..\..\pipeline\dr\stages\lighting\lightNoShadowFrag.glsl">
      <Filter>Ressourcendateien\Pipeline\DeferredRenderer\Stages\Lighting</Filter>
    </None>
    <None Include="..\..\..\..\pipeline\dr\stages\geom\skyBoxFrag.glsl">
      <Filter>Ressourcendateien\Pipeline\DeferredRenderer\Stages\SkyBox</Filter>
    </None>
    <None Include="..\..\..\..\pipeline\dr\stages\geom\skyBoxVert.glsl">
      <Filter>Ressourcendateien\Pipeline\DeferredRenderer\Stages\SkyBox</Filter>
    </None>
  </ItemGroup>
</Project>