
Microsoft Visual Studio Solution File, Format Version 11.00
# Visual Studio 2010
Project("{8BC9CEB8-8B4A-11D0-8D11-00A0C91BC942}") = "zaZenCore", "Impl\core\core.vcxproj", "{8703EE33-1839-4945-A60C-CDB0D3668D05}"
EndProject
Project("{8BC9CEB8-8B4A-11D0-8D11-00A0C91BC942}") = "zaZenODE", "Impl\physics\ODE\ODE.vcxproj", "{32B2712C-3A6A-401C-A9EF-C40F6757BACF}"
EndProject
Project("{8BC9CEB8-8B4A-11D0-8D11-00A0C91BC942}") = "IFaces", "IFaces\IFaces.vcxproj", "{D63B11F4-1B53-40E5-916F-E24F557718E0}"
EndProject
Project("{8BC9CEB8-8B4A-11D0-8D11-00A0C91BC942}") = "ZazenGraphics", "Impl\graphics\ZazenGraphics\ZazenGraphics.vcxproj", "{EC9185A7-0994-46A7-8385-6C346CBE99C9}"
EndProject
Project("{8BC9CEB8-8B4A-11D0-8D11-00A0C91BC942}") = "zaZenOIS", "Impl\input\zaZenOIS\zaZenOIS.vcxproj", "{609F1AC9-88E1-4302-9B89-D8115F1499E1}"
EndProject
Project("{8BC9CEB8-8B4A-11D0-8D11-00A0C91BC942}") = "zaZenSDLInput", "Impl\input\zaZenSDLInput\SDL.vcxproj", "{F9C2B24E-E7A6-408F-B754-588F8719BC6F}"
EndProject
Global
	GlobalSection(SolutionConfigurationPlatforms) = preSolution
		Debug|Win32 = Debug|Win32
		Release|Win32 = Release|Win32
	EndGlobalSection
	GlobalSection(ProjectConfigurationPlatforms) = postSolution
		{8703EE33-1839-4945-A60C-CDB0D3668D05}.Debug|Win32.ActiveCfg = Debug|Win32
		{8703EE33-1839-4945-A60C-CDB0D3668D05}.Debug|Win32.Build.0 = Debug|Win32
		{8703EE33-1839-4945-A60C-CDB0D3668D05}.Release|Win32.ActiveCfg = Release|Win32
		{8703EE33-1839-4945-A60C-CDB0D3668D05}.Release|Win32.Build.0 = Release|Win32
		{32B2712C-3A6A-401C-A9EF-C40F6757BACF}.Debug|Win32.ActiveCfg = Debug|Win32
		{32B2712C-3A6A-401C-A9EF-C40F6757BACF}.Debug|Win32.Build.0 = Debug|Win32
		{32B2712C-3A6A-401C-A9EF-C40F6757BACF}.Release|Win32.ActiveCfg = Release|Win32
		{32B2712C-3A6A-401C-A9EF-C40F6757BACF}.Release|Win32.Build.0 = Release|Win32
		{D63B11F4-1B53-40E5-916F-E24F557718E0}.Debug|Win32.ActiveCfg = Debug|Win32
		{D63B11F4-1B53-40E5-916F-E24F557718E0}.Release|Win32.ActiveCfg = Release|Win32
		{D63B11F4-1B53-40E5-916F-E24F557718E0}.Release|Win32.Build.0 = Release|Win32
		{EC9185A7-0994-46A7-8385-6C346CBE99C9}.Debug|Win32.ActiveCfg = Debug|Win32
		{EC9185A7-0994-46A7-8385-6C346CBE99C9}.Debug|Win32.Build.0 = Debug|Win32
		{EC9185A7-0994-46A7-8385-6C346CBE99C9}.Release|Win32.ActiveCfg = Release|Win32
		{EC9185A7-0994-46A7-8385-6C346CBE99C9}.Release|Win32.Build.0 = Release|Win32
		{609F1AC9-88E1-4302-9B89-D8115F1499E1}.Debug|Win32.ActiveCfg = Debug|Win32
		{609F1AC9-88E1-4302-9B89-D8115F1499E1}.Debug|Win32.Build.0 = Debug|Win32
		{609F1AC9-88E1-4302-9B89-D8115F1499E1}.Release|Win32.ActiveCfg = Release|Win32
		{609F1AC9-88E1-4302-9B89-D8115F1499E1}.Release|Win32.Build.0 = Release|Win32
		{F9C2B24E-E7A6-408F-B754-588F8719BC6F}.Debug|Win32.ActiveCfg = Debug|Win32
		{F9C2B24E-E7A6-408F-B754-588F8719BC6F}.Debug|Win32.Build.0 = Debug|Win32
		{F9C2B24E-E7A6-408F-B754-588F8719BC6F}.Release|Win32.ActiveCfg = Release|Win32
		{F9C2B24E-E7A6-408F-B754-588F8719BC6F}.Release|Win32.Build.0 = Release|Win32
	EndGlobalSection
	GlobalSection(SolutionProperties) = preSolution
		HideSolutionNode = FALSE
	EndGlobalSection
EndGlobal
