<?xml version="1.0" encoding="utf-8"?>
<Project ToolsVersion="4.0" xmlns="http://schemas.microsoft.com/developer/msbuild/2003">
  <ItemGroup>
    <ClInclude Include="ai\IAi.h">
      <Filter>Headerdateien\AI</Filter>
    </ClInclude>
    <ClInclude Include="ai\IAIEntity.h">
      <Filter>Headerdateien\AI</Filter>
    </ClInclude>
    <ClInclude Include="audio\IAudio.h">
      <Filter>Headerdateien\Audio</Filter>
    </ClInclude>
    <ClInclude Include="audio\IAudioEntity.h">
      <Filter>Headerdateien\Audio</Filter>
    </ClInclude>
    <ClInclude Include="core\Event.h">
      <Filter>Headerdateien\Core</Filter>
    </ClInclude>
    <ClInclude Include="core\ICore.h">
      <Filter>Headerdateien\Core</Filter>
    </ClInclude>
    <ClInclude Include="graphics\IGraphics.h">
      <Filter>Headerdateien\Graphics</Filter>
    </ClInclude>
    <ClInclude Include="graphics\IGraphicsEntity.h">
      <Filter>Headerdateien\Graphics</Filter>
    </ClInclude>
    <ClInclude Include="core\IEventListener.h">
      <Filter>Headerdateien\Core</Filter>
    </ClInclude>
    <ClInclude Include="core\IEventManager.h">
      <Filter>Headerdateien\Core</Filter>
    </ClInclude>
    <ClInclude Include="core\IGameObject.h">
      <Filter>Headerdateien\Core</Filter>
    </ClInclude>
    <ClInclude Include="input\IInput.h">
      <Filter>Headerdateien\Input</Filter>
    </ClInclude>
    <ClInclude Include="physics\IPhysics.h">
      <Filter>Headerdateien\Physics</Filter>
    </ClInclude>
    <ClInclude Include="physics\IPhysicsEntity.h">
      <Filter>Headerdateien\Physics</Filter>
    </ClInclude>
    <ClInclude Include="core\ISubSystem.h">
      <Filter>Headerdateien\Core</Filter>
    </ClInclude>
    <ClInclude Include="core\ISubSystemEntity.h">
      <Filter>Headerdateien\Core</Filter>
    </ClInclude>
    <ClInclude Include="core\DllExport.h">
      <Filter>Headerdateien\Core</Filter>
    </ClInclude>
    <ClInclude Include="input\IInputEntity.h">
      <Filter>Headerdateien\Input</Filter>
    </ClInclude>
  </ItemGroup>
  <ItemGroup>
    <Filter Include="Headerdateien">
      <UniqueIdentifier>{a269d1dc-9b3c-4f43-9781-f14836d74c72}</UniqueIdentifier>
    </Filter>
    <Filter Include="Headerdateien\AI">
      <UniqueIdentifier>{adce312e-00c3-4505-9265-713e39d2f6f4}</UniqueIdentifier>
    </Filter>
    <Filter Include="Headerdateien\Audio">
      <UniqueIdentifier>{5a2ed95c-e566-4903-80dd-a3e1437cec37}</UniqueIdentifier>
    </Filter>
    <Filter Include="Headerdateien\Core">
      <UniqueIdentifier>{5c18b77f-dfd3-4a30-abd8-ce246729f550}</UniqueIdentifier>
    </Filter>
    <Filter Include="Headerdateien\Graphics">
      <UniqueIdentifier>{0595d0df-d8c3-4378-873f-bdc044702fb0}</UniqueIdentifier>
    </Filter>
    <Filter Include="Headerdateien\Input">
      <UniqueIdentifier>{81327fe1-8224-44f2-96ba-78da31e58641}</UniqueIdentifier>
    </Filter>
    <Filter Include="Headerdateien\Physics">
      <UniqueIdentifier>{73264658-7adc-497b-b3a3-c4fc197bce71}</UniqueIdentifier>
    </Filter>
  </ItemGroup>
</Project>